schema: '2.0'
stages:
  data_collection:
    cmd: python src/data_collection.py
    deps:
    - path: src/data_collection.py
      hash: md5
      md5: 00294c73d2f095ac9bdcae002c8a156e
      size: 465
    outs:
    - path: data/raw
      hash: md5
      md5: c0c2d65c14a603e91e029fda3c344a5c.dir
      size: 522262
      nfiles: 2
  pre_processing:
    cmd: python src/data_prep.py
    deps:
    - path: data/raw
      hash: md5
      md5: c0c2d65c14a603e91e029fda3c344a5c.dir
      size: 522262
      nfiles: 2
    - path: src/data_prep.py
      hash: md5
      md5: 2359cbf11176c6d00eaafafcc1c35d91
      size: 778
    outs:
    - path: data/processed
      hash: md5
      md5: a172fdf7bf1c8375a7619512d4968cfc.dir
      size: 521886
      nfiles: 2
  model_building:
    cmd: python src/model_building.py
    deps:
    - path: data/processed
      hash: md5
      md5: a172fdf7bf1c8375a7619512d4968cfc.dir
      size: 521886
      nfiles: 2
    - path: src/model_building.py
      hash: md5
      md5: c60dbe48d91aa4a6af6b81f012ff3969
      size: 382
    outs:
    - path: model.pkl
      hash: md5
      md5: 00b8d21d4a120bacbd7f4d606646d6ae
      size: 7248111
  model_eval:
    cmd: python src/model_eval.py
    deps:
    - path: model.pkl
      hash: md5
      md5: 00b8d21d4a120bacbd7f4d606646d6ae
      size: 7248111
    - path: src/model_eval.py
      hash: md5
      md5: a14aa915ed3f8385cda06755086d099e
      size: 739
    outs:
    - path: metrics.json
      hash: md5
      md5: cb8c3f0cfd4b89d30ab0e2ec1eacdbef
      size: 146
